PODS:
  - flutter_zxing (0.0.1):
    - FlutterMacOS
  - FlutterMacOS (1.0.0)
  - rust_lib_wormhole (0.0.1):
    - FlutterMacOS

DEPENDENCIES:
  - flutter_zxing (from `Flutter/ephemeral/.symlinks/plugins/flutter_zxing/macos`)
  - FlutterMacOS (from `Flutter/ephemeral`)
  - rust_lib_wormhole (from `Flutter/ephemeral/.symlinks/plugins/rust_lib_wormhole/macos`)

EXTERNAL SOURCES:
  flutter_zxing:
    :path: Flutter/ephemeral/.symlinks/plugins/flutter_zxing/macos
  FlutterMacOS:
    :path: Flutter/ephemeral
  rust_lib_wormhole:
    :path: Flutter/ephemeral/.symlinks/plugins/rust_lib_wormhole/macos

SPEC CHECKSUMS:
  flutter_zxing: 91e9d17c79c60860450e8879cced0ec54f6a2601
  FlutterMacOS: d0db08ddef1a9af05a5ec4b724367152bb0500b1
  rust_lib_wormhole: f3fcf0461f63be5900f2cc8ac771698a43a9010c

PODFILE CHECKSUM: 54d867c82ac51cbd61b565781b9fada492027009

COCOAPODS: 1.16.2
